
Microsoft Visual Studio Solution File, Format Version 12.00
# Visual Studio 15
VisualStudioVersion = 15.0.26430.16
MinimumVisualStudioVersion = 10.0.40219.1
Project("{FAE04EC0-301F-11D3-BF4B-00C04F79EFBC}") = "CompositeWeb", "CompositeWeb\CompositeWeb.csproj", "{AE4A5FB8-519B-4EF9-8813-D2A85CF3A713}"
EndProject
Global
	GlobalSection(SolutionConfigurationPlatforms) = preSolution
		Debug|Any CPU = Debug|Any CPU
		Release|Any CPU = Release|Any CPU
	EndGlobalSection
	GlobalSection(ProjectConfigurationPlatforms) = postSolution
		{AE4A5FB8-519B-4EF9-8813-D2A85CF3A713}.Debug|Any CPU.ActiveCfg = Debug|Any CPU
		{AE4A5FB8-519B-4EF9-8813-D2A85CF3A713}.Debug|Any CPU.Build.0 = Debug|Any CPU
		{AE4A5FB8-519B-4EF9-8813-D2A85CF3A713}.Release|Any CPU.ActiveCfg = Release|Any CPU
		{AE4A5FB8-519B-4EF9-8813-D2A85CF3A713}.Release|Any CPU.Build.0 = Release|Any CPU
	EndGlobalSection
	GlobalSection(SolutionProperties) = preSolution
		HideSolutionNode = FALSE
	EndGlobalSection
EndGlobal
